
Microsoft Visual Studio Solution File, Format Version 12.00
# Visual Studio Version 17
VisualStudioVersion = 17.0.31903.59
MinimumVisualStudioVersion = 10.0.40219.1
Project("{2150E333-8FDC-42A3-9474-1A3956D46DE8}") = "src", "src", "{42590307-05FD-4C55-B2A3-CA6CD8E21AD2}"
EndProject
Project("{FAE04EC0-301F-11D3-BF4B-00C04F79EFBC}") = "BackEndService.API", "src\BackEndService.API\BackEndService.API.csproj", "{2DCA99C5-F9BF-4318-BE7D-E58B68E76F67}"
EndProject
Project("{FAE04EC0-301F-11D3-BF4B-00C04F79EFBC}") = "BackEndService.Core", "src\BackEndService.Core\BackEndService.Core.csproj", "{397FFB9F-180A-4337-BAC2-88B03BE0162B}"
EndProject
Project("{FAE04EC0-301F-11D3-BF4B-00C04F79EFBC}") = "BackEndService.Gateway", "src\BackEndService.Gateway\BackEndService.Gateway.csproj", "{B6941BC7-8E60-4821-BEAB-D173B4169D3F}"
EndProject
Project("{FAE04EC0-301F-11D3-BF4B-00C04F79EFBC}") = "BackEndService.Workflows", "src\BackEndService.Workflows\BackEndService.Workflows.csproj", "{3A032178-0E0B-4EA4-99A9-E4F6B181D40A}"
EndProject
Project("{FAE04EC0-301F-11D3-BF4B-00C04F79EFBC}") = "BackEndService.Infrastructure", "src\BackEndService.Infrastructure\BackEndService.Infrastructure.csproj", "{5705A8AD-674B-4013-979E-560CFB924CFA}"
EndProject
Project("{2150E333-8FDC-42A3-9474-1A3956D46DE8}") = "tests", "tests", "{4CF7E177-2E44-42E1-9220-B7CD91C3473A}"
EndProject
Project("{FAE04EC0-301F-11D3-BF4B-00C04F79EFBC}") = "BackEndService.UnitTests", "tests\BackEndService.UnitTests\BackEndService.UnitTests.csproj", "{E7DB80AA-4BEB-43E2-ACC2-CF45A0A2BCAD}"
EndProject
Project("{FAE04EC0-301F-11D3-BF4B-00C04F79EFBC}") = "BackEndService.IntegrationTests", "tests\BackEndService.IntegrationTests\BackEndService.IntegrationTests.csproj", "{81FCC059-8AAB-44D4-9F93-20E9E6F0047B}"
EndProject
Project("{FAE04EC0-301F-11D3-BF4B-00C04F79EFBC}") = "BackEndService.E2ETests", "tests\BackEndService.E2ETests\BackEndService.E2ETests.csproj", "{8E517AB2-8E90-42B6-B50B-2F4826F52ABF}"
EndProject
Global
	GlobalSection(SolutionConfigurationPlatforms) = preSolution
		Debug|Any CPU = Debug|Any CPU
		Release|Any CPU = Release|Any CPU
	EndGlobalSection
	GlobalSection(SolutionProperties) = preSolution
		HideSolutionNode = FALSE
	EndGlobalSection
	GlobalSection(ProjectConfigurationPlatforms) = postSolution
		{2DCA99C5-F9BF-4318-BE7D-E58B68E76F67}.Debug|Any CPU.ActiveCfg = Debug|Any CPU
		{2DCA99C5-F9BF-4318-BE7D-E58B68E76F67}.Debug|Any CPU.Build.0 = Debug|Any CPU
		{2DCA99C5-F9BF-4318-BE7D-E58B68E76F67}.Release|Any CPU.ActiveCfg = Release|Any CPU
		{2DCA99C5-F9BF-4318-BE7D-E58B68E76F67}.Release|Any CPU.Build.0 = Release|Any CPU
		{397FFB9F-180A-4337-BAC2-88B03BE0162B}.Debug|Any CPU.ActiveCfg = Debug|Any CPU
		{397FFB9F-180A-4337-BAC2-88B03BE0162B}.Debug|Any CPU.Build.0 = Debug|Any CPU
		{397FFB9F-180A-4337-BAC2-88B03BE0162B}.Release|Any CPU.ActiveCfg = Release|Any CPU
		{397FFB9F-180A-4337-BAC2-88B03BE0162B}.Release|Any CPU.Build.0 = Release|Any CPU
		{B6941BC7-8E60-4821-BEAB-D173B4169D3F}.Debug|Any CPU.ActiveCfg = Debug|Any CPU
		{B6941BC7-8E60-4821-BEAB-D173B4169D3F}.Debug|Any CPU.Build.0 = Debug|Any CPU
		{B6941BC7-8E60-4821-BEAB-D173B4169D3F}.Release|Any CPU.ActiveCfg = Release|Any CPU
		{B6941BC7-8E60-4821-BEAB-D173B4169D3F}.Release|Any CPU.Build.0 = Release|Any CPU
		{3A032178-0E0B-4EA4-99A9-E4F6B181D40A}.Debug|Any CPU.ActiveCfg = Debug|Any CPU
		{3A032178-0E0B-4EA4-99A9-E4F6B181D40A}.Debug|Any CPU.Build.0 = Debug|Any CPU
		{3A032178-0E0B-4EA4-99A9-E4F6B181D40A}.Release|Any CPU.ActiveCfg = Release|Any CPU
		{3A032178-0E0B-4EA4-99A9-E4F6B181D40A}.Release|Any CPU.Build.0 = Release|Any CPU
		{5705A8AD-674B-4013-979E-560CFB924CFA}.Debug|Any CPU.ActiveCfg = Debug|Any CPU
		{5705A8AD-674B-4013-979E-560CFB924CFA}.Debug|Any CPU.Build.0 = Debug|Any CPU
		{5705A8AD-674B-4013-979E-560CFB924CFA}.Release|Any CPU.ActiveCfg = Release|Any CPU
		{5705A8AD-674B-4013-979E-560CFB924CFA}.Release|Any CPU.Build.0 = Release|Any CPU
		{E7DB80AA-4BEB-43E2-ACC2-CF45A0A2BCAD}.Debug|Any CPU.ActiveCfg = Debug|Any CPU
		{E7DB80AA-4BEB-43E2-ACC2-CF45A0A2BCAD}.Debug|Any CPU.Build.0 = Debug|Any CPU
		{E7DB80AA-4BEB-43E2-ACC2-CF45A0A2BCAD}.Release|Any CPU.ActiveCfg = Release|Any CPU
		{E7DB80AA-4BEB-43E2-ACC2-CF45A0A2BCAD}.Release|Any CPU.Build.0 = Release|Any CPU
		{81FCC059-8AAB-44D4-9F93-20E9E6F0047B}.Debug|Any CPU.ActiveCfg = Debug|Any CPU
		{81FCC059-8AAB-44D4-9F93-20E9E6F0047B}.Debug|Any CPU.Build.0 = Debug|Any CPU
		{81FCC059-8AAB-44D4-9F93-20E9E6F0047B}.Release|Any CPU.ActiveCfg = Release|Any CPU
		{81FCC059-8AAB-44D4-9F93-20E9E6F0047B}.Release|Any CPU.Build.0 = Release|Any CPU
		{8E517AB2-8E90-42B6-B50B-2F4826F52ABF}.Debug|Any CPU.ActiveCfg = Debug|Any CPU
		{8E517AB2-8E90-42B6-B50B-2F4826F52ABF}.Debug|Any CPU.Build.0 = Debug|Any CPU
		{8E517AB2-8E90-42B6-B50B-2F4826F52ABF}.Release|Any CPU.ActiveCfg = Release|Any CPU
		{8E517AB2-8E90-42B6-B50B-2F4826F52ABF}.Release|Any CPU.Build.0 = Release|Any CPU
	EndGlobalSection
	GlobalSection(NestedProjects) = preSolution
		{2DCA99C5-F9BF-4318-BE7D-E58B68E76F67} = {42590307-05FD-4C55-B2A3-CA6CD8E21AD2}
		{397FFB9F-180A-4337-BAC2-88B03BE0162B} = {42590307-05FD-4C55-B2A3-CA6CD8E21AD2}
		{B6941BC7-8E60-4821-BEAB-D173B4169D3F} = {42590307-05FD-4C55-B2A3-CA6CD8E21AD2}
		{3A032178-0E0B-4EA4-99A9-E4F6B181D40A} = {42590307-05FD-4C55-B2A3-CA6CD8E21AD2}
		{5705A8AD-674B-4013-979E-560CFB924CFA} = {42590307-05FD-4C55-B2A3-CA6CD8E21AD2}
		{E7DB80AA-4BEB-43E2-ACC2-CF45A0A2BCAD} = {4CF7E177-2E44-42E1-9220-B7CD91C3473A}
		{81FCC059-8AAB-44D4-9F93-20E9E6F0047B} = {4CF7E177-2E44-42E1-9220-B7CD91C3473A}
		{8E517AB2-8E90-42B6-B50B-2F4826F52ABF} = {4CF7E177-2E44-42E1-9220-B7CD91C3473A}
	EndGlobalSection
EndGlobal
